
Microsoft Visual Studio Solution File, Format Version 12.00
# Visual Studio Version 17
VisualStudioVersion = 17.3.32901.215
MinimumVisualStudioVersion = 10.0.40219.1
Project("{2150E333-8FDC-42A3-9474-1A3956D46DE8}") = "Api", "Api", "{A69907B4-77C9-4738-8581-814AE741EED7}"
EndProject
Project("{2150E333-8FDC-42A3-9474-1A3956D46DE8}") = "Common", "Common", "{9E1DC86F-983E-45E8-9265-C42DDC4B7C41}"
EndProject
Project("{9A19103F-16F7-4668-BE54-9A1E7A4F7556}") = "FoodDelivery.Common", "FoodDelivery.Common\FoodDelivery.Common.csproj", "{BDB5D9F4-893F-4D0A-83BC-90AAD084FB21}"
EndProject
Project("{9A19103F-16F7-4668-BE54-9A1E7A4F7556}") = "FoodDelivery.Api.DAL.Common", "FoodDelivery.Api.DAL.Common\FoodDelivery.Api.DAL.Common.csproj", "{0EC130F3-F2D6-4A81-9567-40648963D622}"
EndProject
Project("{9A19103F-16F7-4668-BE54-9A1E7A4F7556}") = "FoodDelivery.Api.DAL.EF", "FoodDelivery.Api.DAL.EF\FoodDelivery.Api.DAL.EF.csproj", "{3384C453-BD46-433F-9C86-2B51035395DC}"
EndProject
Project("{2150E333-8FDC-42A3-9474-1A3956D46DE8}") = "DAL", "DAL", "{3CE38C3E-BD23-4120-B7C2-8DA09B4B3EC8}"
EndProject
Project("{2150E333-8FDC-42A3-9474-1A3956D46DE8}") = "BL", "BL", "{A6991B69-7299-4044-BBB0-6FA76360980F}"
EndProject
Project("{9A19103F-16F7-4668-BE54-9A1E7A4F7556}") = "FoodDelivery.Api.BL", "FoodDelivery.Api.BL\FoodDelivery.Api.BL.csproj", "{B0B387B2-6925-40AD-8400-2EF6349A7FE6}"
EndProject
Project("{9A19103F-16F7-4668-BE54-9A1E7A4F7556}") = "FoodDelivery.Common.Models", "FoodDelivery.Common.Models\FoodDelivery.Common.Models.csproj", "{50BBD914-896A-4343-AA56-8A01420EFFC3}"
EndProject
Project("{9A19103F-16F7-4668-BE54-9A1E7A4F7556}") = "FoodDelivery.Common.BL", "FoodDelivery.Common.BL\FoodDelivery.Common.BL.csproj", "{AE80ADF0-804B-4D34-84AB-9BF6273BC6A3}"
EndProject
Project("{9A19103F-16F7-4668-BE54-9A1E7A4F7556}") = "FoodDelivery.Api.Dal.IntegrationTests", "FoodDelivery.Api.Dal.IntegrationTests\FoodDelivery.Api.Dal.IntegrationTests.csproj", "{83B65D87-A11A-49B4-873F-8C424325859C}"
EndProject
Project("{9A19103F-16F7-4668-BE54-9A1E7A4F7556}") = "FoodDelivery.Api.App", "FoodDelivery.Api.App\FoodDelivery.Api.App.csproj", "{C9970DC8-02DB-4CA6-BD87-5985559C0369}"
EndProject
Project("{9A19103F-16F7-4668-BE54-9A1E7A4F7556}") = "FoodDelivery.Api.App.EndToEndTests", "FoodDelivery.Api.App.EndToEndTests\FoodDelivery.Api.App.EndToEndTests.csproj", "{2A766961-074F-490B-9165-83D2F125034A}"
EndProject
Project("{2150E333-8FDC-42A3-9474-1A3956D46DE8}") = "Web", "Web", "{A1B47F5B-E43F-48DD-8545-30F41E49245D}"
EndProject
Project("{FAE04EC0-301F-11D3-BF4B-00C04F79EFBC}") = "FoodDelivery.Web.BL", "FoodDelivery.Web.BL\FoodDelivery.Web.BL.csproj", "{65705CD3-0CD7-452E-AECF-9DED715DB311}"
EndProject
Project("{FAE04EC0-301F-11D3-BF4B-00C04F79EFBC}") = "FoodDelivery.Web.DAL", "FoodDelivery.Web.DAL\FoodDelivery.Web.DAL.csproj", "{84E2FF3D-0C3B-480F-9372-C3FFF91E3D83}"
EndProject
Project("{FAE04EC0-301F-11D3-BF4B-00C04F79EFBC}") = "FoodDelivery.Web.App", "FoodDelivery.Web.App\FoodDelivery.Web.App.csproj", "{7287DBDE-A1C3-484B-8B94-322720869778}"
EndProject
Global
	GlobalSection(SolutionConfigurationPlatforms) = preSolution
		Debug|Any CPU = Debug|Any CPU
		Release|Any CPU = Release|Any CPU
	EndGlobalSection
	GlobalSection(ProjectConfigurationPlatforms) = postSolution
		{BDB5D9F4-893F-4D0A-83BC-90AAD084FB21}.Debug|Any CPU.ActiveCfg = Debug|Any CPU
		{BDB5D9F4-893F-4D0A-83BC-90AAD084FB21}.Debug|Any CPU.Build.0 = Debug|Any CPU
		{BDB5D9F4-893F-4D0A-83BC-90AAD084FB21}.Release|Any CPU.ActiveCfg = Release|Any CPU
		{BDB5D9F4-893F-4D0A-83BC-90AAD084FB21}.Release|Any CPU.Build.0 = Release|Any CPU
		{0EC130F3-F2D6-4A81-9567-40648963D622}.Debug|Any CPU.ActiveCfg = Debug|Any CPU
		{0EC130F3-F2D6-4A81-9567-40648963D622}.Debug|Any CPU.Build.0 = Debug|Any CPU
		{0EC130F3-F2D6-4A81-9567-40648963D622}.Release|Any CPU.ActiveCfg = Release|Any CPU
		{0EC130F3-F2D6-4A81-9567-40648963D622}.Release|Any CPU.Build.0 = Release|Any CPU
		{3384C453-BD46-433F-9C86-2B51035395DC}.Debug|Any CPU.ActiveCfg = Debug|Any CPU
		{3384C453-BD46-433F-9C86-2B51035395DC}.Debug|Any CPU.Build.0 = Debug|Any CPU
		{3384C453-BD46-433F-9C86-2B51035395DC}.Release|Any CPU.ActiveCfg = Release|Any CPU
		{3384C453-BD46-433F-9C86-2B51035395DC}.Release|Any CPU.Build.0 = Release|Any CPU
		{B0B387B2-6925-40AD-8400-2EF6349A7FE6}.Debug|Any CPU.ActiveCfg = Debug|Any CPU
		{B0B387B2-6925-40AD-8400-2EF6349A7FE6}.Debug|Any CPU.Build.0 = Debug|Any CPU
		{B0B387B2-6925-40AD-8400-2EF6349A7FE6}.Release|Any CPU.ActiveCfg = Release|Any CPU
		{B0B387B2-6925-40AD-8400-2EF6349A7FE6}.Release|Any CPU.Build.0 = Release|Any CPU
		{50BBD914-896A-4343-AA56-8A01420EFFC3}.Debug|Any CPU.ActiveCfg = Debug|Any CPU
		{50BBD914-896A-4343-AA56-8A01420EFFC3}.Debug|Any CPU.Build.0 = Debug|Any CPU
		{50BBD914-896A-4343-AA56-8A01420EFFC3}.Release|Any CPU.ActiveCfg = Release|Any CPU
		{50BBD914-896A-4343-AA56-8A01420EFFC3}.Release|Any CPU.Build.0 = Release|Any CPU
		{AE80ADF0-804B-4D34-84AB-9BF6273BC6A3}.Debug|Any CPU.ActiveCfg = Debug|Any CPU
		{AE80ADF0-804B-4D34-84AB-9BF6273BC6A3}.Debug|Any CPU.Build.0 = Debug|Any CPU
		{AE80ADF0-804B-4D34-84AB-9BF6273BC6A3}.Release|Any CPU.ActiveCfg = Release|Any CPU
		{AE80ADF0-804B-4D34-84AB-9BF6273BC6A3}.Release|Any CPU.Build.0 = Release|Any CPU
		{83B65D87-A11A-49B4-873F-8C424325859C}.Debug|Any CPU.ActiveCfg = Debug|Any CPU
		{83B65D87-A11A-49B4-873F-8C424325859C}.Debug|Any CPU.Build.0 = Debug|Any CPU
		{83B65D87-A11A-49B4-873F-8C424325859C}.Release|Any CPU.ActiveCfg = Release|Any CPU
		{83B65D87-A11A-49B4-873F-8C424325859C}.Release|Any CPU.Build.0 = Release|Any CPU
		{C9970DC8-02DB-4CA6-BD87-5985559C0369}.Debug|Any CPU.ActiveCfg = Debug|Any CPU
		{C9970DC8-02DB-4CA6-BD87-5985559C0369}.Debug|Any CPU.Build.0 = Debug|Any CPU
		{C9970DC8-02DB-4CA6-BD87-5985559C0369}.Release|Any CPU.ActiveCfg = Release|Any CPU
		{C9970DC8-02DB-4CA6-BD87-5985559C0369}.Release|Any CPU.Build.0 = Release|Any CPU
		{2A766961-074F-490B-9165-83D2F125034A}.Debug|Any CPU.ActiveCfg = Debug|Any CPU
		{2A766961-074F-490B-9165-83D2F125034A}.Debug|Any CPU.Build.0 = Debug|Any CPU
		{2A766961-074F-490B-9165-83D2F125034A}.Release|Any CPU.ActiveCfg = Release|Any CPU
		{2A766961-074F-490B-9165-83D2F125034A}.Release|Any CPU.Build.0 = Release|Any CPU
		{65705CD3-0CD7-452E-AECF-9DED715DB311}.Debug|Any CPU.ActiveCfg = Debug|Any CPU
		{65705CD3-0CD7-452E-AECF-9DED715DB311}.Debug|Any CPU.Build.0 = Debug|Any CPU
		{65705CD3-0CD7-452E-AECF-9DED715DB311}.Release|Any CPU.ActiveCfg = Release|Any CPU
		{65705CD3-0CD7-452E-AECF-9DED715DB311}.Release|Any CPU.Build.0 = Release|Any CPU
		{84E2FF3D-0C3B-480F-9372-C3FFF91E3D83}.Debug|Any CPU.ActiveCfg = Debug|Any CPU
		{84E2FF3D-0C3B-480F-9372-C3FFF91E3D83}.Debug|Any CPU.Build.0 = Debug|Any CPU
		{84E2FF3D-0C3B-480F-9372-C3FFF91E3D83}.Release|Any CPU.ActiveCfg = Release|Any CPU
		{84E2FF3D-0C3B-480F-9372-C3FFF91E3D83}.Release|Any CPU.Build.0 = Release|Any CPU
		{7287DBDE-A1C3-484B-8B94-322720869778}.Debug|Any CPU.ActiveCfg = Debug|Any CPU
		{7287DBDE-A1C3-484B-8B94-322720869778}.Debug|Any CPU.Build.0 = Debug|Any CPU
		{7287DBDE-A1C3-484B-8B94-322720869778}.Release|Any CPU.ActiveCfg = Release|Any CPU
		{7287DBDE-A1C3-484B-8B94-322720869778}.Release|Any CPU.Build.0 = Release|Any CPU
	EndGlobalSection
	GlobalSection(SolutionProperties) = preSolution
		HideSolutionNode = FALSE
	EndGlobalSection
	GlobalSection(NestedProjects) = preSolution
		{BDB5D9F4-893F-4D0A-83BC-90AAD084FB21} = {9E1DC86F-983E-45E8-9265-C42DDC4B7C41}
		{0EC130F3-F2D6-4A81-9567-40648963D622} = {3CE38C3E-BD23-4120-B7C2-8DA09B4B3EC8}
		{3384C453-BD46-433F-9C86-2B51035395DC} = {3CE38C3E-BD23-4120-B7C2-8DA09B4B3EC8}
		{3CE38C3E-BD23-4120-B7C2-8DA09B4B3EC8} = {A69907B4-77C9-4738-8581-814AE741EED7}
		{A6991B69-7299-4044-BBB0-6FA76360980F} = {A69907B4-77C9-4738-8581-814AE741EED7}
		{B0B387B2-6925-40AD-8400-2EF6349A7FE6} = {A6991B69-7299-4044-BBB0-6FA76360980F}
		{50BBD914-896A-4343-AA56-8A01420EFFC3} = {9E1DC86F-983E-45E8-9265-C42DDC4B7C41}
		{AE80ADF0-804B-4D34-84AB-9BF6273BC6A3} = {9E1DC86F-983E-45E8-9265-C42DDC4B7C41}
		{83B65D87-A11A-49B4-873F-8C424325859C} = {3CE38C3E-BD23-4120-B7C2-8DA09B4B3EC8}
		{C9970DC8-02DB-4CA6-BD87-5985559C0369} = {A69907B4-77C9-4738-8581-814AE741EED7}
		{2A766961-074F-490B-9165-83D2F125034A} = {A69907B4-77C9-4738-8581-814AE741EED7}
		{65705CD3-0CD7-452E-AECF-9DED715DB311} = {A1B47F5B-E43F-48DD-8545-30F41E49245D}
		{84E2FF3D-0C3B-480F-9372-C3FFF91E3D83} = {A1B47F5B-E43F-48DD-8545-30F41E49245D}
		{7287DBDE-A1C3-484B-8B94-322720869778} = {A1B47F5B-E43F-48DD-8545-30F41E49245D}
	EndGlobalSection
	GlobalSection(ExtensibilityGlobals) = postSolution
		SolutionGuid = {1FC380A0-F2BD-4FA0-A947-FEDF71885B3D}
	EndGlobalSection
EndGlobal
